
Microsoft Visual Studio Solution File, Format Version 12.00
Project("{FAE04EC0-301F-11D3-BF4B-00C04F79EFBC}") = "WebApi.BookStore", "WebApi.BookStore\WebApi.BookStore.csproj", "{EF12EF66-D99A-4369-B6B4-180005359029}"
EndProject
Project("{FAE04EC0-301F-11D3-BF4B-00C04F79EFBC}") = "WebApi.BookStore.Data", "WebApi.BookStore.Data\WebApi.BookStore.Data.csproj", "{232D8680-F49D-4312-B221-DF691C0D575E}"
EndProject
Project("{FAE04EC0-301F-11D3-BF4B-00C04F79EFBC}") = "WebApi.BookStore.Business", "WebApi.BookStore.Business\WebApi.BookStore.Business.csproj", "{BA216281-E855-4734-91E9-8B646B3A7B42}"
EndProject
Project("{FAE04EC0-301F-11D3-BF4B-00C04F79EFBC}") = "WebApi.UnitTests", "WebApi.UnitTests\WebApi.UnitTests.csproj", "{AF1F0141-476E-4120-9C1B-4EBE6B77F434}"
EndProject
Global
	GlobalSection(SolutionConfigurationPlatforms) = preSolution
		Debug|Any CPU = Debug|Any CPU
		Release|Any CPU = Release|Any CPU
	EndGlobalSection
	GlobalSection(ProjectConfigurationPlatforms) = postSolution
		{EF12EF66-D99A-4369-B6B4-180005359029}.Debug|Any CPU.ActiveCfg = Debug|Any CPU
		{EF12EF66-D99A-4369-B6B4-180005359029}.Debug|Any CPU.Build.0 = Debug|Any CPU
		{EF12EF66-D99A-4369-B6B4-180005359029}.Release|Any CPU.ActiveCfg = Release|Any CPU
		{EF12EF66-D99A-4369-B6B4-180005359029}.Release|Any CPU.Build.0 = Release|Any CPU
		{232D8680-F49D-4312-B221-DF691C0D575E}.Debug|Any CPU.ActiveCfg = Debug|Any CPU
		{232D8680-F49D-4312-B221-DF691C0D575E}.Debug|Any CPU.Build.0 = Debug|Any CPU
		{232D8680-F49D-4312-B221-DF691C0D575E}.Release|Any CPU.ActiveCfg = Release|Any CPU
		{232D8680-F49D-4312-B221-DF691C0D575E}.Release|Any CPU.Build.0 = Release|Any CPU
		{BA216281-E855-4734-91E9-8B646B3A7B42}.Debug|Any CPU.ActiveCfg = Debug|Any CPU
		{BA216281-E855-4734-91E9-8B646B3A7B42}.Debug|Any CPU.Build.0 = Debug|Any CPU
		{BA216281-E855-4734-91E9-8B646B3A7B42}.Release|Any CPU.ActiveCfg = Release|Any CPU
		{BA216281-E855-4734-91E9-8B646B3A7B42}.Release|Any CPU.Build.0 = Release|Any CPU
		{AF1F0141-476E-4120-9C1B-4EBE6B77F434}.Debug|Any CPU.ActiveCfg = Debug|Any CPU
		{AF1F0141-476E-4120-9C1B-4EBE6B77F434}.Debug|Any CPU.Build.0 = Debug|Any CPU
		{AF1F0141-476E-4120-9C1B-4EBE6B77F434}.Release|Any CPU.ActiveCfg = Release|Any CPU
		{AF1F0141-476E-4120-9C1B-4EBE6B77F434}.Release|Any CPU.Build.0 = Release|Any CPU
	EndGlobalSection
EndGlobal
